{
  "name": "@opaystech/oip-validation-suite",
  "version": "0.1.0-alpha",
  "lockfileVersion": 3,
  "requires": true,
  "packages": {
    "": {
      "name": "@opaystech/oip-validation-suite",
      "version": "0.1.0-alpha",
      "dependencies": {
        "@opaystech/oip": "file:.."
      },
      "devDependencies": {
        "typescript": "^5.5.3"
      }
    },
    "..": {
      "name": "@opaystech/oip",
      "version": "0.1.0-alpha",
      "devDependencies": {
        "@types/node": "^26.1.1"
      }
    },
    "node_modules/@opaystech/oip": {
      "resolved": "..",
      "link": true
    },
    "node_modules/typescript": {
      "version": "5.9.3",
      "resolved": "https://registry.npmjs.org/typescript/-/typescript-5.9.3.tgz",
      "integrity": "sha512-jl1vZzPDinLr9eUt3J/t7V6FgNEw9QjvBPdysz9KfQDD41fQrC2Y4vKQdiaUpFT4bXlb1RHhLpp8wtm6M5TgSw==",
      "dev": true,
      "license": "Apache-2.0",
      "bin": {
        "tsc": "bin/tsc",
        "tsserver": "bin/tsserver"
      },
      "engines": {
        "node": ">=14.17"
      }
    }
  }
}
